
Microsoft Visual Studio Solution File, Format Version 12.00
# Visual Studio Version 17
VisualStudioVersion = 17.4.33213.308
MinimumVisualStudioVersion = 10.0.40219.1
Project("{FAE04EC0-301F-11D3-BF4B-00C04F79EFBC}") = "PictureViewer", "PictureViewer\PictureViewer.csproj", "{1696E57A-43D4-4A29-8E61-A78F0CB97A81}"
EndProject
Global
	GlobalSection(SolutionConfigurationPlatforms) = preSolution
		Debug|Any CPU = Debug|Any CPU
		Release|Any CPU = Release|Any CPU
	EndGlobalSection
	GlobalSection(ProjectConfigurationPlatforms) = postSolution
		{1696E57A-43D4-4A29-8E61-A78F0CB97A81}.Debug|Any CPU.ActiveCfg = Debug|Any CPU
		{1696E57A-43D4-4A29-8E61-A78F0CB97A81}.Debug|Any CPU.Build.0 = Debug|Any CPU
		{1696E57A-43D4-4A29-8E61-A78F0CB97A81}.Release|Any CPU.ActiveCfg = Release|Any CPU
		{1696E57A-43D4-4A29-8E61-A78F0CB97A81}.Release|Any CPU.Build.0 = Release|Any CPU
	EndGlobalSection
	GlobalSection(SolutionProperties) = preSolution
		HideSolutionNode = FALSE
	EndGlobalSection
	GlobalSection(ExtensibilityGlobals) = postSolution
		SolutionGuid = {EFFB2782-7166-464F-AA2D-4714FC29B6E2}
	EndGlobalSection
EndGlobal
